
Microsoft Visual Studio Solution File, Format Version 12.00
# Visual Studio 15
VisualStudioVersion = 15.0.27703.2035
MinimumVisualStudioVersion = 10.0.40219.1
Project("{FAE04EC0-301F-11D3-BF4B-00C04F79EFBC}") = "ProjetoWebAPI2", "ProjetoWebAPI2\ProjetoWebAPI2.csproj", "{C0E6176D-9491-49D1-B6BE-B2E9ADFCDA22}"
EndProject
Global
	GlobalSection(SolutionConfigurationPlatforms) = preSolution
		Debug|Any CPU = Debug|Any CPU
		Release|Any CPU = Release|Any CPU
	EndGlobalSection
	GlobalSection(ProjectConfigurationPlatforms) = postSolution
		{C0E6176D-9491-49D1-B6BE-B2E9ADFCDA22}.Debug|Any CPU.ActiveCfg = Debug|Any CPU
		{C0E6176D-9491-49D1-B6BE-B2E9ADFCDA22}.Debug|Any CPU.Build.0 = Debug|Any CPU
		{C0E6176D-9491-49D1-B6BE-B2E9ADFCDA22}.Release|Any CPU.ActiveCfg = Release|Any CPU
		{C0E6176D-9491-49D1-B6BE-B2E9ADFCDA22}.Release|Any CPU.Build.0 = Release|Any CPU
	EndGlobalSection
	GlobalSection(SolutionProperties) = preSolution
		HideSolutionNode = FALSE
	EndGlobalSection
	GlobalSection(ExtensibilityGlobals) = postSolution
		SolutionGuid = {273B2AAC-5F72-4E32-BC35-29E8423DC95F}
	EndGlobalSection
EndGlobal
